
Microsoft Visual Studio Solution File, Format Version 12.00
# Visual Studio 15
Project("{FAE04EC0-301F-11D3-BF4B-00C04F79EFBC}") = "Assembly-CSharp-firstpass", "Assembly-CSharp-firstpass.csproj", "{03916FE2-F54D-FB3E-90BF-D25A2FE9DA1C}"
EndProject
Project("{FAE04EC0-301F-11D3-BF4B-00C04F79EFBC}") = "Assembly-CSharp", "Assembly-CSharp.csproj", "{046A3F7E-A221-6D6E-A0E2-AE00BE87818C}"
EndProject
Project("{FAE04EC0-301F-11D3-BF4B-00C04F79EFBC}") = "Assembly-CSharp-Editor", "Assembly-CSharp-Editor.csproj", "{E20BF92E-B97F-3893-5E08-44CABF0CA972}"
EndProject
Global
	GlobalSection(SolutionConfigurationPlatforms) = preSolution
		Debug|Any CPU = Debug|Any CPU
		Release|Any CPU = Release|Any CPU
	EndGlobalSection
	GlobalSection(ProjectConfigurationPlatforms) = postSolution
		{03916FE2-F54D-FB3E-90BF-D25A2FE9DA1C}.Debug|Any CPU.ActiveCfg = Debug|Any CPU
		{03916FE2-F54D-FB3E-90BF-D25A2FE9DA1C}.Debug|Any CPU.Build.0 = Debug|Any CPU
		{03916FE2-F54D-FB3E-90BF-D25A2FE9DA1C}.Release|Any CPU.ActiveCfg = Release|Any CPU
		{03916FE2-F54D-FB3E-90BF-D25A2FE9DA1C}.Release|Any CPU.Build.0 = Release|Any CPU
		{046A3F7E-A221-6D6E-A0E2-AE00BE87818C}.Debug|Any CPU.ActiveCfg = Debug|Any CPU
		{046A3F7E-A221-6D6E-A0E2-AE00BE87818C}.Debug|Any CPU.Build.0 = Debug|Any CPU
		{046A3F7E-A221-6D6E-A0E2-AE00BE87818C}.Release|Any CPU.ActiveCfg = Release|Any CPU
		{046A3F7E-A221-6D6E-A0E2-AE00BE87818C}.Release|Any CPU.Build.0 = Release|Any CPU
		{E20BF92E-B97F-3893-5E08-44CABF0CA972}.Debug|Any CPU.ActiveCfg = Debug|Any CPU
		{E20BF92E-B97F-3893-5E08-44CABF0CA972}.Debug|Any CPU.Build.0 = Debug|Any CPU
		{E20BF92E-B97F-3893-5E08-44CABF0CA972}.Release|Any CPU.ActiveCfg = Release|Any CPU
		{E20BF92E-B97F-3893-5E08-44CABF0CA972}.Release|Any CPU.Build.0 = Release|Any CPU
	EndGlobalSection
	GlobalSection(SolutionProperties) = preSolution
		HideSolutionNode = FALSE
	EndGlobalSection
EndGlobal
